
Microsoft Visual Studio Solution File, Format Version 12.00
# Visual Studio Version 17
VisualStudioVersion = 17.10.34916.146
MinimumVisualStudioVersion = 10.0.40219.1
Project("{9A19103F-16F7-4668-BE54-9A1E7A4F7556}") = "ParserPDF", "ParserPDF.csproj", "{DB2FB4C1-496C-48A7-BC3B-B0D145EB6B05}"
EndProject
Project("{9A19103F-16F7-4668-BE54-9A1E7A4F7556}") = "WorkDB", "..\WorkDB\WorkDB.csproj", "{C7863F51-0A46-4D86-8648-FBAA81FA1B69}"
EndProject
Project("{9A19103F-16F7-4668-BE54-9A1E7A4F7556}") = "WebAppMVC", "..\WebAppMVC\WebAppMVC.csproj", "{4FE88CDE-7998-444A-91A4-11A23E324017}"
EndProject
Global
	GlobalSection(SolutionConfigurationPlatforms) = preSolution
		Debug|Any CPU = Debug|Any CPU
		Release|Any CPU = Release|Any CPU
	EndGlobalSection
	GlobalSection(ProjectConfigurationPlatforms) = postSolution
		{DB2FB4C1-496C-48A7-BC3B-B0D145EB6B05}.Debug|Any CPU.ActiveCfg = Debug|Any CPU
		{DB2FB4C1-496C-48A7-BC3B-B0D145EB6B05}.Debug|Any CPU.Build.0 = Debug|Any CPU
		{DB2FB4C1-496C-48A7-BC3B-B0D145EB6B05}.Release|Any CPU.ActiveCfg = Release|Any CPU
		{DB2FB4C1-496C-48A7-BC3B-B0D145EB6B05}.Release|Any CPU.Build.0 = Release|Any CPU
		{C7863F51-0A46-4D86-8648-FBAA81FA1B69}.Debug|Any CPU.ActiveCfg = Debug|Any CPU
		{C7863F51-0A46-4D86-8648-FBAA81FA1B69}.Debug|Any CPU.Build.0 = Debug|Any CPU
		{C7863F51-0A46-4D86-8648-FBAA81FA1B69}.Release|Any CPU.ActiveCfg = Release|Any CPU
		{C7863F51-0A46-4D86-8648-FBAA81FA1B69}.Release|Any CPU.Build.0 = Release|Any CPU
		{4FE88CDE-7998-444A-91A4-11A23E324017}.Debug|Any CPU.ActiveCfg = Debug|Any CPU
		{4FE88CDE-7998-444A-91A4-11A23E324017}.Debug|Any CPU.Build.0 = Debug|Any CPU
		{4FE88CDE-7998-444A-91A4-11A23E324017}.Release|Any CPU.ActiveCfg = Release|Any CPU
		{4FE88CDE-7998-444A-91A4-11A23E324017}.Release|Any CPU.Build.0 = Release|Any CPU
	EndGlobalSection
	GlobalSection(SolutionProperties) = preSolution
		HideSolutionNode = FALSE
	EndGlobalSection
	GlobalSection(ExtensibilityGlobals) = postSolution
		SolutionGuid = {D4E4B3E2-1F44-423C-A1D4-1DA26B260026}
	EndGlobalSection
EndGlobal
